
Microsoft Visual Studio Solution File, Format Version 12.00
# Visual Studio Version 17
VisualStudioVersion = 17.13.35825.156 d17.13
MinimumVisualStudioVersion = 10.0.40219.1
Project("{FAE04EC0-301F-11D3-BF4B-00C04F79EFBC}") = "stockmind", "stockmind.csproj", "{C6C294D3-2AA3-4385-994E-74C2D3AD4F03}"
EndProject
Global
	GlobalSection(SolutionConfigurationPlatforms) = preSolution
		Debug|Any CPU = Debug|Any CPU
		Release|Any CPU = Release|Any CPU
	EndGlobalSection
	GlobalSection(ProjectConfigurationPlatforms) = postSolution
		{C6C294D3-2AA3-4385-994E-74C2D3AD4F03}.Debug|Any CPU.ActiveCfg = Debug|Any CPU
		{C6C294D3-2AA3-4385-994E-74C2D3AD4F03}.Debug|Any CPU.Build.0 = Debug|Any CPU
		{C6C294D3-2AA3-4385-994E-74C2D3AD4F03}.Release|Any CPU.ActiveCfg = Release|Any CPU
		{C6C294D3-2AA3-4385-994E-74C2D3AD4F03}.Release|Any CPU.Build.0 = Release|Any CPU
	EndGlobalSection
	GlobalSection(SolutionProperties) = preSolution
		HideSolutionNode = FALSE
	EndGlobalSection
	GlobalSection(ExtensibilityGlobals) = postSolution
		SolutionGuid = {F4027E7B-3FEA-454D-94A5-DBDE12418507}
	EndGlobalSection
EndGlobal
